
Microsoft Visual Studio Solution File, Format Version 12.00
Project("{FAE04EC0-301F-11D3-BF4B-00C04F79EFBC}") = "PulsarPM", "PulsarPM\PulsarPM\PulsarPM.csproj", "{36ABBEB9-7795-4083-9AF2-84DE97338032}"
EndProject
Project("{FAE04EC0-301F-11D3-BF4B-00C04F79EFBC}") = "PulsarPM.Client", "PulsarPM\PulsarPM.Client\PulsarPM.Client.csproj", "{61A5A3E7-E86B-43DC-9FA4-EB435D531E0B}"
EndProject
Project("{FAE04EC0-301F-11D3-BF4B-00C04F79EFBC}") = "Shared", "Shared\Shared.csproj", "{541600E5-A724-48BA-B8A1-79F1663B2C3B}"
EndProject
Project("{FAE04EC0-301F-11D3-BF4B-00C04F79EFBC}") = "PulsarPM.Tests", "PulsarPM.Tests\PulsarPM.Tests.csproj", "{5EB87F13-04B0-4E1D-B8DA-BCE4F8AA4BD5}"
EndProject
Global
	GlobalSection(SolutionConfigurationPlatforms) = preSolution
		Debug|Any CPU = Debug|Any CPU
		Release|Any CPU = Release|Any CPU
	EndGlobalSection
	GlobalSection(ProjectConfigurationPlatforms) = postSolution
		{36ABBEB9-7795-4083-9AF2-84DE97338032}.Debug|Any CPU.ActiveCfg = Debug|Any CPU
		{36ABBEB9-7795-4083-9AF2-84DE97338032}.Debug|Any CPU.Build.0 = Debug|Any CPU
		{36ABBEB9-7795-4083-9AF2-84DE97338032}.Release|Any CPU.ActiveCfg = Release|Any CPU
		{36ABBEB9-7795-4083-9AF2-84DE97338032}.Release|Any CPU.Build.0 = Release|Any CPU
		{61A5A3E7-E86B-43DC-9FA4-EB435D531E0B}.Debug|Any CPU.ActiveCfg = Debug|Any CPU
		{61A5A3E7-E86B-43DC-9FA4-EB435D531E0B}.Debug|Any CPU.Build.0 = Debug|Any CPU
		{61A5A3E7-E86B-43DC-9FA4-EB435D531E0B}.Release|Any CPU.ActiveCfg = Release|Any CPU
		{61A5A3E7-E86B-43DC-9FA4-EB435D531E0B}.Release|Any CPU.Build.0 = Release|Any CPU
		{541600E5-A724-48BA-B8A1-79F1663B2C3B}.Debug|Any CPU.ActiveCfg = Debug|Any CPU
		{541600E5-A724-48BA-B8A1-79F1663B2C3B}.Debug|Any CPU.Build.0 = Debug|Any CPU
		{541600E5-A724-48BA-B8A1-79F1663B2C3B}.Release|Any CPU.ActiveCfg = Release|Any CPU
		{541600E5-A724-48BA-B8A1-79F1663B2C3B}.Release|Any CPU.Build.0 = Release|Any CPU
		{5EB87F13-04B0-4E1D-B8DA-BCE4F8AA4BD5}.Debug|Any CPU.ActiveCfg = Debug|Any CPU
		{5EB87F13-04B0-4E1D-B8DA-BCE4F8AA4BD5}.Debug|Any CPU.Build.0 = Debug|Any CPU
		{5EB87F13-04B0-4E1D-B8DA-BCE4F8AA4BD5}.Release|Any CPU.ActiveCfg = Release|Any CPU
		{5EB87F13-04B0-4E1D-B8DA-BCE4F8AA4BD5}.Release|Any CPU.Build.0 = Release|Any CPU
	EndGlobalSection
EndGlobal
